
Microsoft Visual Studio Solution File, Format Version 12.00
# Visual Studio 15
VisualStudioVersion = 15.0.26430.16
MinimumVisualStudioVersion = 10.0.40219.1
Project("{FAE04EC0-301F-11D3-BF4B-00C04F79EFBC}") = "VideoAppUI", "VideoAppUI\VideoAppUI.csproj", "{93E622A2-AD44-43DE-A0D3-658DC34859E7}"
EndProject
Project("{FAE04EC0-301F-11D3-BF4B-00C04F79EFBC}") = "VideoAppBLL", "VideoAppBLL\VideoAppBLL.csproj", "{05E78138-A563-48DD-87A6-49B466E8AD23}"
EndProject
Project("{FAE04EC0-301F-11D3-BF4B-00C04F79EFBC}") = "VideoAppDAL", "VideoAppDAL\VideoAppDAL.csproj", "{5ED67440-0AA2-485D-80CE-D22C79D5ECF8}"
EndProject
Project("{FAE04EC0-301F-11D3-BF4B-00C04F79EFBC}") = "VideoAppEntity", "VideoAppEntity\VideoAppEntity.csproj", "{BAAEFFD2-BB8A-4A81-AAF8-B35D4497BB82}"
EndProject
Global
	GlobalSection(SolutionConfigurationPlatforms) = preSolution
		Debug|Any CPU = Debug|Any CPU
		Release|Any CPU = Release|Any CPU
	EndGlobalSection
	GlobalSection(ProjectConfigurationPlatforms) = postSolution
		{93E622A2-AD44-43DE-A0D3-658DC34859E7}.Debug|Any CPU.ActiveCfg = Debug|Any CPU
		{93E622A2-AD44-43DE-A0D3-658DC34859E7}.Debug|Any CPU.Build.0 = Debug|Any CPU
		{93E622A2-AD44-43DE-A0D3-658DC34859E7}.Release|Any CPU.ActiveCfg = Release|Any CPU
		{93E622A2-AD44-43DE-A0D3-658DC34859E7}.Release|Any CPU.Build.0 = Release|Any CPU
		{05E78138-A563-48DD-87A6-49B466E8AD23}.Debug|Any CPU.ActiveCfg = Debug|Any CPU
		{05E78138-A563-48DD-87A6-49B466E8AD23}.Debug|Any CPU.Build.0 = Debug|Any CPU
		{05E78138-A563-48DD-87A6-49B466E8AD23}.Release|Any CPU.ActiveCfg = Release|Any CPU
		{05E78138-A563-48DD-87A6-49B466E8AD23}.Release|Any CPU.Build.0 = Release|Any CPU
		{5ED67440-0AA2-485D-80CE-D22C79D5ECF8}.Debug|Any CPU.ActiveCfg = Debug|Any CPU
		{5ED67440-0AA2-485D-80CE-D22C79D5ECF8}.Debug|Any CPU.Build.0 = Debug|Any CPU
		{5ED67440-0AA2-485D-80CE-D22C79D5ECF8}.Release|Any CPU.ActiveCfg = Release|Any CPU
		{5ED67440-0AA2-485D-80CE-D22C79D5ECF8}.Release|Any CPU.Build.0 = Release|Any CPU
		{BAAEFFD2-BB8A-4A81-AAF8-B35D4497BB82}.Debug|Any CPU.ActiveCfg = Debug|Any CPU
		{BAAEFFD2-BB8A-4A81-AAF8-B35D4497BB82}.Debug|Any CPU.Build.0 = Debug|Any CPU
		{BAAEFFD2-BB8A-4A81-AAF8-B35D4497BB82}.Release|Any CPU.ActiveCfg = Release|Any CPU
		{BAAEFFD2-BB8A-4A81-AAF8-B35D4497BB82}.Release|Any CPU.Build.0 = Release|Any CPU
	EndGlobalSection
	GlobalSection(SolutionProperties) = preSolution
		HideSolutionNode = FALSE
	EndGlobalSection
EndGlobal
